// !$*UTF8*$!
{
	archiveVersion = 1;
	classes = {
	};
	objectVersion = 56;
	objects = {

/* Begin PBXBuildFile section */
		602ED71F2B2BE94D00C9D6C0 /* AITestingApp.swift in Sources */ = {isa = PBXBuildFile; fileRef = 602ED71E2B2BE94D00C9D6C0 /* AITestingApp.swift */; };
		602ED7212B2BE94D00C9D6C0 /* ContentView.swift in Sources */ = {isa = PBXBuildFile; fileRef = 602ED7202B2BE94D00C9D6C0 /* ContentView.swift */; };
		602ED7232B2BE94D00C9D6C0 /* Assets.xcassets in Resources */ = {isa = PBXBuildFile; fileRef = 602ED7222B2BE94D00C9D6C0 /* Assets.xcassets */; };
		602ED7262B2BE94D00C9D6C0 /* Preview Assets.xcassets in Resources */ = {isa = PBXBuildFile; fileRef = 602ED7252B2BE94D00C9D6C0 /* Preview Assets.xcassets */; };
		602ED7302B2BE94D00C9D6C0 /* AITestingTests.swift in Sources */ = {isa = PBXBuildFile; fileRef = 602ED72F2B2BE94D00C9D6C0 /* AITestingTests.swift */; };
		602ED73A2B2BE94E00C9D6C0 /* AITestingUITests.swift in Sources */ = {isa = PBXBuildFile; fileRef = 602ED7392B2BE94E00C9D6C0 /* AITestingUITests.swift */; };
		602ED73C2B2BE94E00C9D6C0 /* AITestingUITestsLaunchTests.swift in Sources */ = {isa = PBXBuildFile; fileRef = 602ED73B2B2BE94E00C9D6C0 /* AITestingUITestsLaunchTests.swift */; };
		602ED74A2B2BEC1500C9D6C0 /* OpenAISwift in Frameworks */ = {isa = PBXBuildFile; productRef = 602ED7492B2BEC1500C9D6C0 /* OpenAISwift */; };
		602ED74D2B2BFA6C00C9D6C0 /* OpenAI in Frameworks */ = {isa = PBXBuildFile; productRef = 602ED74C2B2BFA6C00C9D6C0 /* OpenAI */; };
/* End PBXBuildFile section */

/* Begin PBXContainerItemProxy section */
		602ED72C2B2BE94D00C9D6C0 /* PBXContainerItemProxy */ = {
			isa = PBXContainerItemProxy;
			containerPortal = 602ED7132B2BE94D00C9D6C0 /* Project object */;
			proxyType = 1;
			remoteGlobalIDString = 602ED71A2B2BE94D00C9D6C0;
			remoteInfo = AITesting;
		};
		602ED7362B2BE94E00C9D6C0 /* PBXContainerItemProxy */ = {
			isa = PBXContainerItemProxy;
			containerPortal = 602ED7132B2BE94D00C9D6C0 /* Project object */;
			proxyType = 1;
			remoteGlobalIDString = 602ED71A2B2BE94D00C9D6C0;
			remoteInfo = AITesting;
		};
/* End PBXContainerItemProxy section */

/* Begin PBXFileReference section */
		602ED71B2B2BE94D00C9D6C0 /* AITesting.app */ = {isa = PBXFileReference; explicitFileType = wrapper.application; includeInIndex = 0; path = AITesting.app; sourceTree = BUILT_PRODUCTS_DIR; };
		602ED71E2B2BE94D00C9D6C0 /* AITestingApp.swift */ = {isa = PBXFileReference; lastKnownFileType = sourcecode.swift; path = AITestingApp.swift; sourceTree = "<group>"; };
		602ED7202B2BE94D00C9D6C0 /* ContentView.swift */ = {isa = PBXFileReference; lastKnownFileType = sourcecode.swift; path = ContentView.swift; sourceTree = "<group>"; };
		602ED7222B2BE94D00C9D6C0 /* Assets.xcassets */ = {isa = PBXFileReference; lastKnownFileType = folder.assetcatalog; path = Assets.xcassets; sourceTree = "<group>"; };
		602ED7252B2BE94D00C9D6C0 /* Preview Assets.xcassets */ = {isa = PBXFileReference; lastKnownFileType = folder.assetcatalog; path = "Preview Assets.xcassets"; sourceTree = "<group>"; };
		602ED72B2B2BE94D00C9D6C0 /* AITestingTests.xctest */ = {isa = PBXFileReference; explicitFileType = wrapper.cfbundle; includeInIndex = 0; path = AITestingTests.xctest; sourceTree = BUILT_PRODUCTS_DIR; };
		602ED72F2B2BE94D00C9D6C0 /* AITestingTests.swift */ = {isa = PBXFileReference; lastKnownFileType = sourcecode.swift; path = AITestingTests.swift; sourceTree = "<group>"; };
		602ED7352B2BE94E00C9D6C0 /* AITestingUITests.xctest */ = {isa = PBXFileReference; explicitFileType = wrapper.cfbundle; includeInIndex = 0; path = AITestingUITests.xctest; sourceTree = BUILT_PRODUCTS_DIR; };
		602ED7392B2BE94E00C9D6C0 /* AITestingUITests.swift */ = {isa = PBXFileReference; lastKnownFileType = sourcecode.swift; path = AITestingUITests.swift; sourceTree = "<group>"; };
		602ED73B2B2BE94E00C9D6C0 /* AITestingUITestsLaunchTests.swift */ = {isa = PBXFileReference; lastKnownFileType = sourcecode.swift; path = AITestingUITestsLaunchTests.swift; sourceTree = "<group>"; };
/* End PBXFileReference section */

/* Begin PBXFrameworksBuildPhase section */
		602ED7182B2BE94D00C9D6C0 /* Frameworks */ = {
			isa = PBXFrameworksBuildPhase;
			buildActionMask = 2147483647;
			files = (
				602ED74D2B2BFA6C00C9D6C0 /* OpenAI in Frameworks */,
				602ED74A2B2BEC1500C9D6C0 /* OpenAISwift in Frameworks */,
			);
			runOnlyForDeploymentPostprocessing = 0;
		};
		602ED7282B2BE94D00C9D6C0 /* Frameworks */ = {
			isa = PBXFrameworksBuildPhase;
			buildActionMask = 2147483647;
			files = (
			);
			runOnlyForDeploymentPostprocessing = 0;
		};
		602ED7322B2BE94E00C9D6C0 /* Frameworks */ = {
			isa = PBXFrameworksBuildPhase;
			buildActionMask = 2147483647;
			files = (
			);
			runOnlyForDeploymentPostprocessing = 0;
		};
/* End PBXFrameworksBuildPhase section */

/* Begin PBXGroup section */
		602ED7122B2BE94D00C9D6C0 = {
			isa = PBXGroup;
			children = (
				602ED71D2B2BE94D00C9D6C0 /* AITesting */,
				602ED72E2B2BE94D00C9D6C0 /* AITestingTests */,
				602ED7382B2BE94E00C9D6C0 /* AITestingUITests */,
				602ED71C2B2BE94D00C9D6C0 /* Products */,
			);
			sourceTree = "<group>";
		};
		602ED71C2B2BE94D00C9D6C0 /* Products */ = {
			isa = PBXGroup;
			children = (
				602ED71B2B2BE94D00C9D6C0 /* AITesting.app */,
				602ED72B2B2BE94D00C9D6C0 /* AITestingTests.xctest */,
				602ED7352B2BE94E00C9D6C0 /* AITestingUITests.xctest */,
			);
			name = Products;
			sourceTree = "<group>";
		};
		602ED71D2B2BE94D00C9D6C0 /* AITesting */ = {
			isa = PBXGroup;
			children = (
				602ED71E2B2BE94D00C9D6C0 /* AITestingApp.swift */,
				602ED7202B2BE94D00C9D6C0 /* ContentView.swift */,
				602ED7222B2BE94D00C9D6C0 /* Assets.xcassets */,
				602ED7242B2BE94D00C9D6C0 /* Preview Content */,
			);
			path = AITesting;
			sourceTree = "<group>";
		};
		602ED7242B2BE94D00C9D6C0 /* Preview Content */ = {
			isa = PBXGroup;
			children = (
				602ED7252B2BE94D00C9D6C0 /* Preview Assets.xcassets */,
			);
			path = "Preview Content";
			sourceTree = "<group>";
		};
		602ED72E2B2BE94D00C9D6C0 /* AITestingTests */ = {
			isa = PBXGroup;
			children = (
				602ED72F2B2BE94D00C9D6C0 /* AITestingTests.swift */,
			);
			path = AITestingTests;
			sourceTree = "<group>";
		};
		602ED7382B2BE94E00C9D6C0 /* AITestingUITests */ = {
			isa = PBXGroup;
			children = (
				602ED7392B2BE94E00C9D6C0 /* AITestingUITests.swift */,
				602ED73B2B2BE94E00C9D6C0 /* AITestingUITestsLaunchTests.swift */,
			);
			path = AITestingUITests;
			sourceTree = "<group>";
		};
/* End PBXGroup section */

/* Begin PBXNativeTarget section */
		602ED71A2B2BE94D00C9D6C0 /* AITesting */ = {
			isa = PBXNativeTarget;
			buildConfigurationList = 602ED73F2B2BE94E00C9D6C0 /* Build configuration list for PBXNativeTarget "AITesting" */;
			buildPhases = (
				602ED7172B2BE94D00C9D6C0 /* Sources */,
				602ED7182B2BE94D00C9D6C0 /* Frameworks */,
				602ED7192B2BE94D00C9D6C0 /* Resources */,
			);
			buildRules = (
			);
			dependencies = (
			);
			name = AITesting;
			packageProductDependencies = (
				602ED7492B2BEC1500C9D6C0 /* OpenAISwift */,
				602ED74C2B2BFA6C00C9D6C0 /* OpenAI */,
			);
			productName = AITesting;
			productReference = 602ED71B2B2BE94D00C9D6C0 /* AITesting.app */;
			productType = "com.apple.product-type.application";
		};
		602ED72A2B2BE94D00C9D6C0 /* AITestingTests */ = {
			isa = PBXNativeTarget;
			buildConfigurationList = 602ED7422B2BE94E00C9D6C0 /* Build configuration list for PBXNativeTarget "AITestingTests" */;
			buildPhases = (
				602ED7272B2BE94D00C9D6C0 /* Sources */,
				602ED7282B2BE94D00C9D6C0 /* Frameworks */,
				602ED7292B2BE94D00C9D6C0 /* Resources */,
			);
			buildRules = (
			);
			dependencies = (
				602ED72D2B2BE94D00C9D6C0 /* PBXTargetDependency */,
			);
			name = AITestingTests;
			productName = AITestingTests;
			productReference = 602ED72B2B2BE94D00C9D6C0 /* AITestingTests.xctest */;
			productType = "com.apple.product-type.bundle.unit-test";
		};
		602ED7342B2BE94E00C9D6C0 /* AITestingUITests */ = {
			isa = PBXNativeTarget;
			buildConfigurationList = 602ED7452B2BE94E00C9D6C0 /* Build configuration list for PBXNativeTarget "AITestingUITests" */;
			buildPhases = (
				602ED7312B2BE94E00C9D6C0 /* Sources */,
				602ED7322B2BE94E00C9D6C0 /* Frameworks */,
				602ED7332B2BE94E00C9D6C0 /* Resources */,
			);
			buildRules = (
			);
			dependencies = (
				602ED7372B2BE94E00C9D6C0 /* PBXTargetDependency */,
			);
			name = AITestingUITests;
			productName = AITestingUITests;
			productReference = 602ED7352B2BE94E00C9D6C0 /* AITestingUITests.xctest */;
			productType = "com.apple.product-type.bundle.ui-testing";
		};
/* End PBXNativeTarget section */

/* Begin PBXProject section */
		602ED7132B2BE94D00C9D6C0 /* Project object */ = {
			isa = PBXProject;
			attributes = {
				BuildIndependentTargetsInParallel = 1;
				LastSwiftUpdateCheck = 1510;
				LastUpgradeCheck = 1510;
				TargetAttributes = {
					602ED71A2B2BE94D00C9D6C0 = {
						CreatedOnToolsVersion = 15.1;
					};
					602ED72A2B2BE94D00C9D6C0 = {
						CreatedOnToolsVersion = 15.1;
						TestTargetID = 602ED71A2B2BE94D00C9D6C0;
					};
					602ED7342B2BE94E00C9D6C0 = {
						CreatedOnToolsVersion = 15.1;
						TestTargetID = 602ED71A2B2BE94D00C9D6C0;
					};
				};
			};
			buildConfigurationList = 602ED7162B2BE94D00C9D6C0 /* Build configuration list for PBXProject "AITesting" */;
			compatibilityVersion = "Xcode 14.0";
			developmentRegion = en;
			hasScannedForEncodings = 0;
			knownRegions = (
				en,
				Base,
			);
			mainGroup = 602ED7122B2BE94D00C9D6C0;
			packageReferences = (
				602ED7482B2BEC1500C9D6C0 /* XCRemoteSwiftPackageReference "OpenAISwift" */,
				602ED74B2B2BFA6C00C9D6C0 /* XCRemoteSwiftPackageReference "OpenAI" */,
			);
			productRefGroup = 602ED71C2B2BE94D00C9D6C0 /* Products */;
			projectDirPath = "";
			projectRoot = "";
			targets = (
				602ED71A2B2BE94D00C9D6C0 /* AITesting */,
				602ED72A2B2BE94D00C9D6C0 /* AITestingTests */,
				602ED7342B2BE94E00C9D6C0 /* AITestingUITests */,
			);
		};
/* End PBXProject section */

/* Begin PBXResourcesBuildPhase section */
		602ED7192B2BE94D00C9D6C0 /* Resources */ = {
			isa = PBXResourcesBuildPhase;
			buildActionMask = 2147483647;
			files = (
				602ED7262B2BE94D00C9D6C0 /* Preview Assets.xcassets in Resources */,
				602ED7232B2BE94D00C9D6C0 /* Assets.xcassets in Resources */,
			);
			runOnlyForDeploymentPostprocessing = 0;
		};
		602ED7292B2BE94D00C9D6C0 /* Resources */ = {
			isa = PBXResourcesBuildPhase;
			buildActionMask = 2147483647;
			files = (
			);
			runOnlyForDeploymentPostprocessing = 0;
		};
		602ED7332B2BE94E00C9D6C0 /* Resources */ = {
			isa = PBXResourcesBuildPhase;
			buildActionMask = 2147483647;
			files = (
			);
			runOnlyForDeploymentPostprocessing = 0;
		};
/* End PBXResourcesBuildPhase section */

/* Begin PBXSourcesBuildPhase section */
		602ED7172B2BE94D00C9D6C0 /* Sources */ = {
			isa = PBXSourcesBuildPhase;
			buildActionMask = 2147483647;
			files = (
				602ED7212B2BE94D00C9D6C0 /* ContentView.swift in Sources */,
				602ED71F2B2BE94D00C9D6C0 /* AITestingApp.swift in Sources */,
			);
			runOnlyForDeploymentPostprocessing = 0;
		};
		602ED7272B2BE94D00C9D6C0 /* Sources */ = {
			isa = PBXSourcesBuildPhase;
			buildActionMask = 2147483647;
			files = (
				602ED7302B2BE94D00C9D6C0 /* AITestingTests.swift in Sources */,
			);
			runOnlyForDeploymentPostprocessing = 0;
		};
		602ED7312B2BE94E00C9D6C0 /* Sources */ = {
			isa = PBXSourcesBuildPhase;
			buildActionMask = 2147483647;
			files = (
				602ED73A2B2BE94E00C9D6C0 /* AITestingUITests.swift in Sources */,
				602ED73C2B2BE94E00C9D6C0 /* AITestingUITestsLaunchTests.swift in Sources */,
			);
			runOnlyForDeploymentPostprocessing = 0;
		};
/* End PBXSourcesBuildPhase section */

/* Begin PBXTargetDependency section */
		602ED72D2B2BE94D00C9D6C0 /* PBXTargetDependency */ = {
			isa = PBXTargetDependency;
			target = 602ED71A2B2BE94D00C9D6C0 /* AITesting */;
			targetProxy = 602ED72C2B2BE94D00C9D6C0 /* PBXContainerItemProxy */;
		};
		602ED7372B2BE94E00C9D6C0 /* PBXTargetDependency */ = {
			isa = PBXTargetDependency;
			target = 602ED71A2B2BE94D00C9D6C0 /* AITesting */;
			targetProxy = 602ED7362B2BE94E00C9D6C0 /* PBXContainerItemProxy */;
		};
/* End PBXTargetDependency section */

/* Begin XCBuildConfiguration section */
		602ED73D2B2BE94E00C9D6C0 /* Debug */ = {
			isa = XCBuildConfiguration;
			buildSettings = {
				ALWAYS_SEARCH_USER_PATHS = NO;
				ASSETCATALOG_COMPILER_GENERATE_SWIFT_ASSET_SYMBOL_EXTENSIONS = YES;
				CLANG_ANALYZER_NONNULL = YES;
				CLANG_ANALYZER_NUMBER_OBJECT_CONVERSION = YES_AGGRESSIVE;
				CLANG_CXX_LANGUAGE_STANDARD = "gnu++20";
				CLANG_ENABLE_MODULES = YES;
				CLANG_ENABLE_OBJC_ARC = YES;
				CLANG_ENABLE_OBJC_WEAK = YES;
				CLANG_WARN_BLOCK_CAPTURE_AUTORELEASING = YES;
				CLANG_WARN_BOOL_CONVERSION = YES;
				CLANG_WARN_COMMA = YES;
				CLANG_WARN_CONSTANT_CONVERSION = YES;
				CLANG_WARN_DEPRECATED_OBJC_IMPLEMENTATIONS = YES;
				CLANG_WARN_DIRECT_OBJC_ISA_USAGE = YES_ERROR;
				CLANG_WARN_DOCUMENTATION_COMMENTS = YES;
				CLANG_WARN_EMPTY_BODY = YES;
				CLANG_WARN_ENUM_CONVERSION = YES;
				CLANG_WARN_INFINITE_RECURSION = YES;
				CLANG_WARN_INT_CONVERSION = YES;
				CLANG_WARN_NON_LITERAL_NULL_CONVERSION = YES;
				CLANG_WARN_OBJC_IMPLICIT_RETAIN_SELF = YES;
				CLANG_WARN_OBJC_LITERAL_CONVERSION = YES;
				CLANG_WARN_OBJC_ROOT_CLASS = YES_ERROR;
				CLANG_WARN_QUOTED_INCLUDE_IN_FRAMEWORK_HEADER = YES;
				CLANG_WARN_RANGE_LOOP_ANALYSIS = YES;
				CLANG_WARN_STRICT_PROTOTYPES = YES;
				CLANG_WARN_SUSPICIOUS_MOVE = YES;
				CLANG_WARN_UNGUARDED_AVAILABILITY = YES_AGGRESSIVE;
				CLANG_WARN_UNREACHABLE_CODE = YES;
				CLANG_WARN__DUPLICATE_METHOD_MATCH = YES;
				COPY_PHASE_STRIP = NO;
				DEBUG_INFORMATION_FORMAT = dwarf;
				ENABLE_STRICT_OBJC_MSGSEND = YES;
				ENABLE_TESTABILITY = YES;
				ENABLE_USER_SCRIPT_SANDBOXING = YES;
				GCC_C_LANGUAGE_STANDARD = gnu17;
				GCC_DYNAMIC_NO_PIC = NO;
				GCC_NO_COMMON_BLOCKS = YES;
				GCC_OPTIMIZATION_LEVEL = 0;
				GCC_PREPROCESSOR_DEFINITIONS = (
					"DEBUG=1",
					"$(inherited)",
				);
				GCC_WARN_64_TO_32_BIT_CONVERSION = YES;
				GCC_WARN_ABOUT_RETURN_TYPE = YES_ERROR;
				GCC_WARN_UNDECLARED_SELECTOR = YES;
				GCC_WARN_UNINITIALIZED_AUTOS = YES_AGGRESSIVE;
				GCC_WARN_UNUSED_FUNCTION = YES;
				GCC_WARN_UNUSED_VARIABLE = YES;
				IPHONEOS_DEPLOYMENT_TARGET = 17.2;
				LOCALIZATION_PREFERS_STRING_CATALOGS = YES;
				MTL_ENABLE_DEBUG_INFO = INCLUDE_SOURCE;
				MTL_FAST_MATH = YES;
				ONLY_ACTIVE_ARCH = YES;
				SDKROOT = iphoneos;
				SWIFT_ACTIVE_COMPILATION_CONDITIONS = "DEBUG $(inherited)";
				SWIFT_OPTIMIZATION_LEVEL = "-Onone";
			};
			name = Debug;
		};
		602ED73E2B2BE94E00C9D6C0 /* Release */ = {
			isa = XCBuildConfiguration;
			buildSettings = {
				ALWAYS_SEARCH_USER_PATHS = NO;
				ASSETCATALOG_COMPILER_GENERATE_SWIFT_ASSET_SYMBOL_EXTENSIONS = YES;
				CLANG_ANALYZER_NONNULL = YES;
				CLANG_ANALYZER_NUMBER_OBJECT_CONVERSION = YES_AGGRESSIVE;
				CLANG_CXX_LANGUAGE_STANDARD = "gnu++20";
				CLANG_ENABLE_MODULES = YES;
				CLANG_ENABLE_OBJC_ARC = YES;
				CLANG_ENABLE_OBJC_WEAK = YES;
				CLANG_WARN_BLOCK_CAPTURE_AUTORELEASING = YES;
				CLANG_WARN_BOOL_CONVERSION = YES;
				CLANG_WARN_COMMA = YES;
				CLANG_WARN_CONSTANT_CONVERSION = YES;
				CLANG_WARN_DEPRECATED_OBJC_IMPLEMENTATIONS = YES;
				CLANG_WARN_DIRECT_OBJC_ISA_USAGE = YES_ERROR;
				CLANG_WARN_DOCUMENTATION_COMMENTS = YES;
				CLANG_WARN_EMPTY_BODY = YES;
				CLANG_WARN_ENUM_CONVERSION = YES;
				CLANG_WARN_INFINITE_RECURSION = YES;
				CLANG_WARN_INT_CONVERSION = YES;
				CLANG_WARN_NON_LITERAL_NULL_CONVERSION = YES;
				CLANG_WARN_OBJC_IMPLICIT_RETAIN_SELF = YES;
				CLANG_WARN_OBJC_LITERAL_CONVERSION = YES;
				CLANG_WARN_OBJC_ROOT_CLASS = YES_ERROR;
				CLANG_WARN_QUOTED_INCLUDE_IN_FRAMEWORK_HEADER = YES;
				CLANG_WARN_RANGE_LOOP_ANALYSIS = YES;
				CLANG_WARN_STRICT_PROTOTYPES = YES;
				CLANG_WARN_SUSPICIOUS_MOVE = YES;
				CLANG_WARN_UNGUARDED_AVAILABILITY = YES_AGGRESSIVE;
				CLANG_WARN_UNREACHABLE_CODE = YES;
				CLANG_WARN__DUPLICATE_METHOD_MATCH = YES;
				COPY_PHASE_STRIP = NO;
				DEBUG_INFORMATION_FORMAT = "dwarf-with-dsym";
				ENABLE_NS_ASSERTIONS = NO;
				ENABLE_STRICT_OBJC_MSGSEND = YES;
				ENABLE_USER_SCRIPT_SANDBOXING = YES;
				GCC_C_LANGUAGE_STANDARD = gnu17;
				GCC_NO_COMMON_BLOCKS = YES;
				GCC_WARN_64_TO_32_BIT_CONVERSION = YES;
				GCC_WARN_ABOUT_RETURN_TYPE = YES_ERROR;
				GCC_WARN_UNDECLARED_SELECTOR = YES;
				GCC_WARN_UNINITIALIZED_AUTOS = YES_AGGRESSIVE;
				GCC_WARN_UNUSED_FUNCTION = YES;
				GCC_WARN_UNUSED_VARIABLE = YES;
				IPHONEOS_DEPLOYMENT_TARGET = 17.2;
				LOCALIZATION_PREFERS_STRING_CATALOGS = YES;
				MTL_ENABLE_DEBUG_INFO = NO;
				MTL_FAST_MATH = YES;
				SDKROOT = iphoneos;
				SWIFT_COMPILATION_MODE = wholemodule;
				VALIDATE_PRODUCT = YES;
			};
			name = Release;
		};
		602ED7402B2BE94E00C9D6C0 /* Debug */ = {
			isa = XCBuildConfiguration;
			buildSettings = {
				ASSETCATALOG_COMPILER_APPICON_NAME = AppIcon;
				ASSETCATALOG_COMPILER_GLOBAL_ACCENT_COLOR_NAME = AccentColor;
				CODE_SIGN_STYLE = Automatic;
				CURRENT_PROJECT_VERSION = 1;
				DEVELOPMENT_ASSET_PATHS = "\"AITesting/Preview Content\"";
				ENABLE_PREVIEWS = YES;
				GENERATE_INFOPLIST_FILE = YES;
				INFOPLIST_KEY_UIApplicationSceneManifest_Generation = YES;
				INFOPLIST_KEY_UIApplicationSupportsIndirectInputEvents = YES;
				INFOPLIST_KEY_UILaunchScreen_Generation = YES;
				INFOPLIST_KEY_UISupportedInterfaceOrientations_iPad = "UIInterfaceOrientationPortrait UIInterfaceOrientationPortraitUpsideDown UIInterfaceOrientationLandscapeLeft UIInterfaceOrientationLandscapeRight";
				INFOPLIST_KEY_UISupportedInterfaceOrientations_iPhone = "UIInterfaceOrientationPortrait UIInterfaceOrientationLandscapeLeft UIInterfaceOrientationLandscapeRight";
				LD_RUNPATH_SEARCH_PATHS = (
					"$(inherited)",
					"@executable_path/Frameworks",
				);
				MARKETING_VERSION = 1.0;
				PRODUCT_BUNDLE_IDENTIFIER = jpzoll.AITesting;
				PRODUCT_NAME = "$(TARGET_NAME)";
				SWIFT_EMIT_LOC_STRINGS = YES;
				SWIFT_VERSION = 5.0;
				TARGETED_DEVICE_FAMILY = "1,2";
			};
			name = Debug;
		};
		602ED7412B2BE94E00C9D6C0 /* Release */ = {
			isa = XCBuildConfiguration;
			buildSettings = {
				ASSETCATALOG_COMPILER_APPICON_NAME = AppIcon;
				ASSETCATALOG_COMPILER_GLOBAL_ACCENT_COLOR_NAME = AccentColor;
				CODE_SIGN_STYLE = Automatic;
				CURRENT_PROJECT_VERSION = 1;
				DEVELOPMENT_ASSET_PATHS = "\"AITesting/Preview Content\"";
				ENABLE_PREVIEWS = YES;
				GENERATE_INFOPLIST_FILE = YES;
				INFOPLIST_KEY_UIApplicationSceneManifest_Generation = YES;
				INFOPLIST_KEY_UIApplicationSupportsIndirectInputEvents = YES;
				INFOPLIST_KEY_UILaunchScreen_Generation = YES;
				INFOPLIST_KEY_UISupportedInterfaceOrientations_iPad = "UIInterfaceOrientationPortrait UIInterfaceOrientationPortraitUpsideDown UIInterfaceOrientationLandscapeLeft UIInterfaceOrientationLandscapeRight";
				INFOPLIST_KEY_UISupportedInterfaceOrientations_iPhone = "UIInterfaceOrientationPortrait UIInterfaceOrientationLandscapeLeft UIInterfaceOrientationLandscapeRight";
				LD_RUNPATH_SEARCH_PATHS = (
					"$(inherited)",
					"@executable_path/Frameworks",
				);
				MARKETING_VERSION = 1.0;
				PRODUCT_BUNDLE_IDENTIFIER = jpzoll.AITesting;
				PRODUCT_NAME = "$(TARGET_NAME)";
				SWIFT_EMIT_LOC_STRINGS = YES;
				SWIFT_VERSION = 5.0;
				TARGETED_DEVICE_FAMILY = "1,2";
			};
			name = Release;
		};
		602ED7432B2BE94E00C9D6C0 /* Debug */ = {
			isa = XCBuildConfiguration;
			buildSettings = {
				ALWAYS_EMBED_SWIFT_STANDARD_LIBRARIES = YES;
				BUNDLE_LOADER = "$(TEST_HOST)";
				CODE_SIGN_STYLE = Automatic;
				CURRENT_PROJECT_VERSION = 1;
				GENERATE_INFOPLIST_FILE = YES;
				IPHONEOS_DEPLOYMENT_TARGET = 17.2;
				MARKETING_VERSION = 1.0;
				PRODUCT_BUNDLE_IDENTIFIER = jpzoll.AITestingTests;
				PRODUCT_NAME = "$(TARGET_NAME)";
				SWIFT_EMIT_LOC_STRINGS = NO;
				SWIFT_VERSION = 5.0;
				TARGETED_DEVICE_FAMILY = "1,2";
				TEST_HOST = "$(BUILT_PRODUCTS_DIR)/AITesting.app/$(BUNDLE_EXECUTABLE_FOLDER_PATH)/AITesting";
			};
			name = Debug;
		};
		602ED7442B2BE94E00C9D6C0 /* Release */ = {
			isa = XCBuildConfiguration;
			buildSettings = {
				ALWAYS_EMBED_SWIFT_STANDARD_LIBRARIES = YES;
				BUNDLE_LOADER = "$(TEST_HOST)";
				CODE_SIGN_STYLE = Automatic;
				CURRENT_PROJECT_VERSION = 1;
				GENERATE_INFOPLIST_FILE = YES;
				IPHONEOS_DEPLOYMENT_TARGET = 17.2;
				MARKETING_VERSION = 1.0;
				PRODUCT_BUNDLE_IDENTIFIER = jpzoll.AITestingTests;
				PRODUCT_NAME = "$(TARGET_NAME)";
				SWIFT_EMIT_LOC_STRINGS = NO;
				SWIFT_VERSION = 5.0;
				TARGETED_DEVICE_FAMILY = "1,2";
				TEST_HOST = "$(BUILT_PRODUCTS_DIR)/AITesting.app/$(BUNDLE_EXECUTABLE_FOLDER_PATH)/AITesting";
			};
			name = Release;
		};
		602ED7462B2BE94E00C9D6C0 /* Debug */ = {
			isa = XCBuildConfiguration;
			buildSettings = {
				ALWAYS_EMBED_SWIFT_STANDARD_LIBRARIES = YES;
				CODE_SIGN_STYLE = Automatic;
				CURRENT_PROJECT_VERSION = 1;
				GENERATE_INFOPLIST_FILE = YES;
				MARKETING_VERSION = 1.0;
				PRODUCT_BUNDLE_IDENTIFIER = jpzoll.AITestingUITests;
				PRODUCT_NAME = "$(TARGET_NAME)";
				SWIFT_EMIT_LOC_STRINGS = NO;
				SWIFT_VERSION = 5.0;
				TARGETED_DEVICE_FAMILY = "1,2";
				TEST_TARGET_NAME = AITesting;
			};
			name = Debug;
		};
		602ED7472B2BE94E00C9D6C0 /* Release */ = {
			isa = XCBuildConfiguration;
			buildSettings = {
				ALWAYS_EMBED_SWIFT_STANDARD_LIBRARIES = YES;
				CODE_SIGN_STYLE = Automatic;
				CURRENT_PROJECT_VERSION = 1;
				GENERATE_INFOPLIST_FILE = YES;
				MARKETING_VERSION = 1.0;
				PRODUCT_BUNDLE_IDENTIFIER = jpzoll.AITestingUITests;
				PRODUCT_NAME = "$(TARGET_NAME)";
				SWIFT_EMIT_LOC_STRINGS = NO;
				SWIFT_VERSION = 5.0;
				TARGETED_DEVICE_FAMILY = "1,2";
				TEST_TARGET_NAME = AITesting;
			};
			name = Release;
		};
/* End XCBuildConfiguration section */

/* Begin XCConfigurationList section */
		602ED7162B2BE94D00C9D6C0 /* Build configuration list for PBXProject "AITesting" */ = {
			isa = XCConfigurationList;
			buildConfigurations = (
				602ED73D2B2BE94E00C9D6C0 /* Debug */,
				602ED73E2B2BE94E00C9D6C0 /* Release */,
			);
			defaultConfigurationIsVisible = 0;
			defaultConfigurationName = Release;
		};
		602ED73F2B2BE94E00C9D6C0 /* Build configuration list for PBXNativeTarget "AITesting" */ = {
			isa = XCConfigurationList;
			buildConfigurations = (
				602ED7402B2BE94E00C9D6C0 /* Debug */,
				602ED7412B2BE94E00C9D6C0 /* Release */,
			);
			defaultConfigurationIsVisible = 0;
			defaultConfigurationName = Release;
		};
		602ED7422B2BE94E00C9D6C0 /* Build configuration list for PBXNativeTarget "AITestingTests" */ = {
			isa = XCConfigurationList;
			buildConfigurations = (
				602ED7432B2BE94E00C9D6C0 /* Debug */,
				602ED7442B2BE94E00C9D6C0 /* Release */,
			);
			defaultConfigurationIsVisible = 0;
			defaultConfigurationName = Release;
		};
		602ED7452B2BE94E00C9D6C0 /* Build configuration list for PBXNativeTarget "AITestingUITests" */ = {
			isa = XCConfigurationList;
			buildConfigurations = (
				602ED7462B2BE94E00C9D6C0 /* Debug */,
				602ED7472B2BE94E00C9D6C0 /* Release */,
			);
			defaultConfigurationIsVisible = 0;
			defaultConfigurationName = Release;
		};
/* End XCConfigurationList section */

/* Begin XCRemoteSwiftPackageReference section */
		602ED7482B2BEC1500C9D6C0 /* XCRemoteSwiftPackageReference "OpenAISwift" */ = {
			isa = XCRemoteSwiftPackageReference;
			repositoryURL = "https://github.com/adamrushy/OpenAISwift";
			requirement = {
				kind = upToNextMajorVersion;
				minimumVersion = 1.4.1;
			};
		};
		602ED74B2B2BFA6C00C9D6C0 /* XCRemoteSwiftPackageReference "OpenAI" */ = {
			isa = XCRemoteSwiftPackageReference;
			repositoryURL = "https://github.com/MacPaw/OpenAI";
			requirement = {
				kind = upToNextMajorVersion;
				minimumVersion = 0.2.5;
			};
		};
/* End XCRemoteSwiftPackageReference section */

/* Begin XCSwiftPackageProductDependency section */
		602ED7492B2BEC1500C9D6C0 /* OpenAISwift */ = {
			isa = XCSwiftPackageProductDependency;
			package = 602ED7482B2BEC1500C9D6C0 /* XCRemoteSwiftPackageReference "OpenAISwift" */;
			productName = OpenAISwift;
		};
		602ED74C2B2BFA6C00C9D6C0 /* OpenAI */ = {
			isa = XCSwiftPackageProductDependency;
			package = 602ED74B2B2BFA6C00C9D6C0 /* XCRemoteSwiftPackageReference "OpenAI" */;
			productName = OpenAI;
		};
/* End XCSwiftPackageProductDependency section */
	};
	rootObject = 602ED7132B2BE94D00C9D6C0 /* Project object */;
}
